
Microsoft Visual Studio Solution File, Format Version 12.00
# Visual Studio Version 16
VisualStudioVersion = 16.0.29102.190
MinimumVisualStudioVersion = 10.0.40219.1
Project("{FAE04EC0-301F-11D3-BF4B-00C04F79EFBC}") = "CompanyRssAnalyzer", "CompanyRssAnalyzer\CompanyRssAnalyzer.csproj", "{7ADE1D12-71F9-4C9E-8D53-1A501C6E7DB3}"
EndProject
Project("{FAE04EC0-301F-11D3-BF4B-00C04F79EFBC}") = "CompanyRssAnalyzer_UnitTests", "CompanyRssAnalyzer_UnitTests\CompanyRssAnalyzer_UnitTests.csproj", "{8F2D2688-5FB7-4811-BAB5-42DFB4D623DD}"
EndProject
Global
	GlobalSection(SolutionConfigurationPlatforms) = preSolution
		Debug|Any CPU = Debug|Any CPU
		Release|Any CPU = Release|Any CPU
	EndGlobalSection
	GlobalSection(ProjectConfigurationPlatforms) = postSolution
		{7ADE1D12-71F9-4C9E-8D53-1A501C6E7DB3}.Debug|Any CPU.ActiveCfg = Debug|Any CPU
		{7ADE1D12-71F9-4C9E-8D53-1A501C6E7DB3}.Debug|Any CPU.Build.0 = Debug|Any CPU
		{7ADE1D12-71F9-4C9E-8D53-1A501C6E7DB3}.Release|Any CPU.ActiveCfg = Release|Any CPU
		{7ADE1D12-71F9-4C9E-8D53-1A501C6E7DB3}.Release|Any CPU.Build.0 = Release|Any CPU
		{8F2D2688-5FB7-4811-BAB5-42DFB4D623DD}.Debug|Any CPU.ActiveCfg = Debug|Any CPU
		{8F2D2688-5FB7-4811-BAB5-42DFB4D623DD}.Debug|Any CPU.Build.0 = Debug|Any CPU
		{8F2D2688-5FB7-4811-BAB5-42DFB4D623DD}.Release|Any CPU.ActiveCfg = Release|Any CPU
		{8F2D2688-5FB7-4811-BAB5-42DFB4D623DD}.Release|Any CPU.Build.0 = Release|Any CPU
	EndGlobalSection
	GlobalSection(SolutionProperties) = preSolution
		HideSolutionNode = FALSE
	EndGlobalSection
	GlobalSection(ExtensibilityGlobals) = postSolution
		SolutionGuid = {67BA9D62-96B3-4915-99BC-832F44289C81}
	EndGlobalSection
EndGlobal
